
Microsoft Visual Studio Solution File, Format Version 12.00
# Visual Studio 15
VisualStudioVersion = 15.0.27004.2010
MinimumVisualStudioVersion = 10.0.40219.1
Project("{FAE04EC0-301F-11D3-BF4B-00C04F79EFBC}") = "ChatClient", "ChatClient\ChatClient.csproj", "{CC4545A9-CE47-40D7-AC96-75FF0AE0F873}"
EndProject
Project("{FAE04EC0-301F-11D3-BF4B-00C04F79EFBC}") = "LogicLevel", "LogicLevel\LogicLevel.csproj", "{5E96A4B5-7417-491C-8CC3-70B5C5DA90C7}"
	ProjectSection(ProjectDependencies) = postProject
		{1511BFCC-B174-4DF2-85FA-DC71A6F3CF5F} = {1511BFCC-B174-4DF2-85FA-DC71A6F3CF5F}
	EndProjectSection
EndProject
Project("{FAE04EC0-301F-11D3-BF4B-00C04F79EFBC}") = "DataLevel", "DataLevel\DataLevel.csproj", "{F2A4334E-DB7A-4BB2-8814-4543B657C882}"
EndProject
Project("{FAE04EC0-301F-11D3-BF4B-00C04F79EFBC}") = "ChatService", "ChatService\ChatService.csproj", "{1511BFCC-B174-4DF2-85FA-DC71A6F3CF5F}"
EndProject
Global
	GlobalSection(SolutionConfigurationPlatforms) = preSolution
		Debug|Any CPU = Debug|Any CPU
		Release|Any CPU = Release|Any CPU
	EndGlobalSection
	GlobalSection(ProjectConfigurationPlatforms) = postSolution
		{CC4545A9-CE47-40D7-AC96-75FF0AE0F873}.Debug|Any CPU.ActiveCfg = Debug|Any CPU
		{CC4545A9-CE47-40D7-AC96-75FF0AE0F873}.Debug|Any CPU.Build.0 = Debug|Any CPU
		{CC4545A9-CE47-40D7-AC96-75FF0AE0F873}.Release|Any CPU.ActiveCfg = Release|Any CPU
		{CC4545A9-CE47-40D7-AC96-75FF0AE0F873}.Release|Any CPU.Build.0 = Release|Any CPU
		{5E96A4B5-7417-491C-8CC3-70B5C5DA90C7}.Debug|Any CPU.ActiveCfg = Debug|Any CPU
		{5E96A4B5-7417-491C-8CC3-70B5C5DA90C7}.Debug|Any CPU.Build.0 = Debug|Any CPU
		{5E96A4B5-7417-491C-8CC3-70B5C5DA90C7}.Release|Any CPU.ActiveCfg = Release|Any CPU
		{5E96A4B5-7417-491C-8CC3-70B5C5DA90C7}.Release|Any CPU.Build.0 = Release|Any CPU
		{F2A4334E-DB7A-4BB2-8814-4543B657C882}.Debug|Any CPU.ActiveCfg = Debug|Any CPU
		{F2A4334E-DB7A-4BB2-8814-4543B657C882}.Debug|Any CPU.Build.0 = Debug|Any CPU
		{F2A4334E-DB7A-4BB2-8814-4543B657C882}.Release|Any CPU.ActiveCfg = Release|Any CPU
		{F2A4334E-DB7A-4BB2-8814-4543B657C882}.Release|Any CPU.Build.0 = Release|Any CPU
		{1511BFCC-B174-4DF2-85FA-DC71A6F3CF5F}.Debug|Any CPU.ActiveCfg = Debug|Any CPU
		{1511BFCC-B174-4DF2-85FA-DC71A6F3CF5F}.Debug|Any CPU.Build.0 = Debug|Any CPU
		{1511BFCC-B174-4DF2-85FA-DC71A6F3CF5F}.Release|Any CPU.ActiveCfg = Release|Any CPU
		{1511BFCC-B174-4DF2-85FA-DC71A6F3CF5F}.Release|Any CPU.Build.0 = Release|Any CPU
	EndGlobalSection
	GlobalSection(SolutionProperties) = preSolution
		HideSolutionNode = FALSE
	EndGlobalSection
	GlobalSection(ExtensibilityGlobals) = postSolution
		SolutionGuid = {AE8995A2-28F7-41FA-B16E-389F4DB96E54}
	EndGlobalSection
EndGlobal
